{
  "version": 4,
  "terraform_version": "0.14.9",
  "serial": 219,
  "lineage": "976e47fb-eedd-2330-6d59-45c0d9b969a4",
  "outputs": {},
  "resources": [
    {
      "mode": "data",
      "type": "aws_ami",
      "name": "amazon_linux",
      "provider": "provider[\"registry.terraform.io/hashicorp/aws\"]",
      "instances": [
        {
          "schema_version": 0,
          "attributes": {
            "architecture": "x86_64",
            "arn": "arn:aws:ec2:ap-south-1::image/ami-0ad704c126371a549",
            "block_device_mappings": [
              {
                "device_name": "/dev/xvda",
                "ebs": {
                  "delete_on_termination": "true",
                  "encrypted": "false",
                  "iops": "0",
                  "snapshot_id": "snap-041de31327a858319",
                  "throughput": "0",
                  "volume_size": "8",
                  "volume_type": "gp2"
                },
                "no_device": "",
                "virtual_name": ""
              }
            ],
            "creation_date": "2021-06-04T03:59:19.000Z",
            "description": "Amazon Linux 2 AMI 2.0.20210525.0 x86_64 HVM gp2",
            "ena_support": true,
            "executable_users": null,
            "filter": [
              {
                "name": "architecture",
                "values": [
                  "x86_64"
                ]
              },
              {
                "name": "name",
                "values": [
                  "amzn2-ami-hvm-2.0*"
                ]
              },
              {
                "name": "virtualization-type",
                "values": [
                  "hvm"
                ]
              }
            ],
            "hypervisor": "xen",
            "id": "ami-0ad704c126371a549",
            "image_id": "ami-0ad704c126371a549",
            "image_location": "amazon/amzn2-ami-hvm-2.0.20210525.0-x86_64-gp2",
            "image_owner_alias": "amazon",
            "image_type": "machine",
            "kernel_id": null,
            "most_recent": true,
            "name": "amzn2-ami-hvm-2.0.20210525.0-x86_64-gp2",
            "name_regex": null,
            "owner_id": "137112412989",
            "owners": [
              "amazon"
            ],
            "platform": null,
            "platform_details": "Linux/UNIX",
            "product_codes": [],
            "public": true,
            "ramdisk_id": null,
            "root_device_name": "/dev/xvda",
            "root_device_type": "ebs",
            "root_snapshot_id": "snap-041de31327a858319",
            "sriov_net_support": "simple",
            "state": "available",
            "state_reason": {
              "code": "UNSET",
              "message": "UNSET"
            },
            "tags": {},
            "usage_operation": "RunInstances",
            "virtualization_type": "hvm"
          },
          "sensitive_attributes": []
        }
      ]
    },
    {
      "mode": "data",
      "type": "cloudinit_config",
      "name": "init",
      "provider": "provider[\"registry.terraform.io/hashicorp/cloudinit\"]",
      "instances": [
        {
          "schema_version": 0,
          "attributes": {
            "base64_encode": true,
            "boundary": "MIMEBOUNDARY",
            "gzip": true,
            "id": "2673462273",
            "part": [
              {
                "content": "#!/bin/bash\n\nset -ex\n\nyum install -y wget\n\nfunction create_dynamo_document () {\n  INSTANCE_ID=$1\n  AVAILABILITY_ZONE=$2\n  INSTANCE_TYPE=$3\n  FILENAME=\"Upload_$1.json\"\n  printf '{\"MachineID\": {\"S\": \"%s\"}, \"AvailabilityZone\": {\"S\": \"%s\"}, \"InstanceType\": {\"S\": \"%s\"}}\\n' \"$INSTANCE_ID\" \"$AVAILABILITY_ZONE\" \"$INSTANCE_TYPE\" \u003e $FILENAME\n  aws dynamodb put-item \\\n              --region $AWS_REGION \\\n              --table-name vouch-operations-MachineState \\\n              --item file://$FILENAME\n}\n\nINSTANCE_ID=`curl -s http://169.254.169.254/latest/meta-data/instance-id`\nAVAILABILITY_ZONE=`curl -s http://169.254.169.254/latest/meta-data/placement/availability-zone`\nINSTANCE_TYPE=`curl -s http://169.254.169.254/latest/meta-data/instance-type`\nexport AWS_REGION=`curl -s http://169.254.169.254/latest/meta-data/placement/region`\n\ncreate_dynamo_document \"$INSTANCE_ID\" \"$AVAILABILITY_ZONE\" \"$INSTANCE_TYPE\"\n",
                "content_type": "text/x-shellscript",
                "filename": "upload_machine_data.sh",
                "merge_type": ""
              }
            ],
            "rendered": "H4sIAAAAAAAA/6SUX2+bShDF31fyd5i7l6vcSl1Tp/9UIlciMa2QYqeKnVSJIuEFxmGrZRexQ2Ia5btXxIlC5PShKS8IcRh+c86BA2sIDYlFW2EAZaNJVbImv1RrzPcgtY3JZd2O+TSeRvtHJ7NJeHzGWXclTrF2ypoARsM3AzZgQvRFA/Ywe6JcZZ2iO60kkllRoqE9WCmNRpY45k2lrcyTUmaFMpjkkuTQFfxxxqKWxq2wFpHJbK7MZQAfU0U9wd0ChGvy18IVqLXLalXRgE1ViVus//7jp8r4qXQFYw4JBK4Za5sSlHEktQbRwvUlEmOrxmQdO2Q1SsIkb40sbZLbrOnWgP9fwQ0DiGfzRTg7iJJ4MvZGDCA8DePDcD8+jBdnyfnRLBp7u33d4uxbNPbeMoAv8WE0C6fRmJ9sfPBGwx/OGs4AqloZWsHODZ9uzIknPIAbPucB8P8cv30NPLySSstUaUXtuTW4JYi7nUyGnUlPb95emB3gXg+eA/e20Hlf04Fz+AzeAzcDkNcONsbkKVQNCUVYwgWDJ4cQNV52Vnrh93lyHH2Nj2bPiEimGkXXDLiyTVYIW2EtuwycuHdhTpLwmUfvXtv1KvD9R75bxvrxLLOm1iAcFERV4PujD5+Gu+/fDe/PvpaEjvwSSYquir6690+ofMm2c/3jeZWWGXbl8WUvOvHTGlyypwV5OSu1FS4ZritbEzz6/Te0m/SWjP3mU3hJkbZ+HEIM2K8AAAD//z8uuTKXBAAA"
          },
          "sensitive_attributes": []
        }
      ]
    },
    {
      "mode": "managed",
      "type": "aws_dynamodb_table",
      "name": "machine_properties",
      "provider": "provider[\"registry.terraform.io/hashicorp/aws\"]",
      "instances": [
        {
          "schema_version": 1,
          "attributes": {
            "arn": "arn:aws:dynamodb:ap-south-1:899664008947:table/vouch-operations-MachineState",
            "attribute": [
              {
                "name": "MachineID",
                "type": "S"
              }
            ],
            "billing_mode": "PAY_PER_REQUEST",
            "global_secondary_index": [],
            "hash_key": "MachineID",
            "id": "vouch-operations-MachineState",
            "local_secondary_index": [],
            "name": "vouch-operations-MachineState",
            "point_in_time_recovery": [
              {
                "enabled": false
              }
            ],
            "range_key": null,
            "read_capacity": 0,
            "replica": [],
            "server_side_encryption": [],
            "stream_arn": "",
            "stream_enabled": false,
            "stream_label": "",
            "stream_view_type": "",
            "tags": null,
            "tags_all": {},
            "timeouts": null,
            "ttl": [
              {
                "attribute_name": "",
                "enabled": false,
                "kms_key_arn": ""
              }
            ],
            "write_capacity": 0
          },
          "sensitive_attributes": [],
          "private": "eyJlMmJmYjczMC1lY2FhLTExZTYtOGY4OC0zNDM2M2JjN2M0YzAiOnsiY3JlYXRlIjoxMjAwMDAwMDAwMDAwLCJkZWxldGUiOjYwMDAwMDAwMDAwMCwidXBkYXRlIjozNjAwMDAwMDAwMDAwfSwic2NoZW1hX3ZlcnNpb24iOiIxIn0="
        }
      ]
    },
    {
      "mode": "managed",
      "type": "aws_iam_instance_profile",
      "name": "machine",
      "provider": "provider[\"registry.terraform.io/hashicorp/aws\"]",
      "instances": [
        {
          "schema_version": 0,
          "attributes": {
            "arn": "arn:aws:iam::899664008947:instance-profile/vouch-operations-instance20210620043354954300000001",
            "create_date": "2021-06-20T04:33:55Z",
            "id": "vouch-operations-instance20210620043354954300000001",
            "name": "vouch-operations-instance20210620043354954300000001",
            "name_prefix": "vouch-operations-instance",
            "path": "/",
            "role": "vouch-operations-machine-role",
            "tags": null,
            "tags_all": {},
            "unique_id": "AIPA5C6BHK3ZRJHQN4MQY"
          },
          "sensitive_attributes": [],
          "private": "bnVsbA==",
          "dependencies": [
            "aws_iam_role.machine"
          ]
        }
      ]
    },
    {
      "mode": "managed",
      "type": "aws_iam_policy",
      "name": "policy",
      "provider": "provider[\"registry.terraform.io/hashicorp/aws\"]",
      "instances": [
        {
          "schema_version": 0,
          "attributes": {
            "arn": "arn:aws:iam::899664008947:policy/test_policy",
            "description": "",
            "id": "arn:aws:iam::899664008947:policy/test_policy",
            "name": "test_policy",
            "name_prefix": null,
            "path": "/",
            "policy": "{\"Statement\":[{\"Action\":[\"dynamodb:*\",\"dax:*\",\"application-autoscaling:DeleteScalingPolicy\",\"application-autoscaling:DeregisterScalableTarget\",\"application-autoscaling:DescribeScalableTargets\",\"application-autoscaling:DescribeScalingActivities\",\"application-autoscaling:DescribeScalingPolicies\",\"application-autoscaling:PutScalingPolicy\",\"application-autoscaling:RegisterScalableTarget\",\"cloudwatch:DeleteAlarms\",\"cloudwatch:DescribeAlarmHistory\",\"cloudwatch:DescribeAlarms\",\"cloudwatch:DescribeAlarmsForMetric\",\"cloudwatch:GetMetricStatistics\",\"cloudwatch:ListMetrics\",\"cloudwatch:PutMetricAlarm\",\"cloudwatch:GetMetricData\",\"datapipeline:ActivatePipeline\",\"datapipeline:CreatePipeline\",\"datapipeline:DeletePipeline\",\"datapipeline:DescribeObjects\",\"datapipeline:DescribePipelines\",\"datapipeline:GetPipelineDefinition\",\"datapipeline:ListPipelines\",\"datapipeline:PutPipelineDefinition\",\"datapipeline:QueryObjects\",\"ec2:DescribeVpcs\",\"ec2:DescribeSubnets\",\"ec2:DescribeSecurityGroups\",\"iam:GetRole\",\"iam:ListRoles\",\"kms:DescribeKey\",\"kms:ListAliases\",\"sns:CreateTopic\",\"sns:DeleteTopic\",\"sns:ListSubscriptions\",\"sns:ListSubscriptionsByTopic\",\"sns:ListTopics\",\"sns:Subscribe\",\"sns:Unsubscribe\",\"sns:SetTopicAttributes\",\"lambda:CreateFunction\",\"lambda:ListFunctions\",\"lambda:ListEventSourceMappings\",\"lambda:CreateEventSourceMapping\",\"lambda:DeleteEventSourceMapping\",\"lambda:GetFunctionConfiguration\",\"lambda:DeleteFunction\",\"resource-groups:ListGroups\",\"resource-groups:ListGroupResources\",\"resource-groups:GetGroup\",\"resource-groups:GetGroupQuery\",\"resource-groups:DeleteGroup\",\"resource-groups:CreateGroup\",\"tag:GetResources\",\"kinesis:ListStreams\",\"kinesis:DescribeStream\",\"kinesis:DescribeStreamSummary\"],\"Effect\":\"Allow\",\"Resource\":\"*\"},{\"Action\":\"cloudwatch:GetInsightRuleReport\",\"Effect\":\"Allow\",\"Resource\":\"arn:aws:cloudwatch:::insight-rule/DynamoDBContributorInsights*\"},{\"Action\":[\"iam:PassRole\"],\"Condition\":{\"StringLike\":{\"iam:PassedToService\":[\"application-autoscaling.amazonaws.com\",\"application-autoscaling.amazonaws.com.cn\",\"dax.amazonaws.com\"]}},\"Effect\":\"Allow\",\"Resource\":\"*\"},{\"Action\":[\"iam:CreateServiceLinkedRole\"],\"Condition\":{\"StringEquals\":{\"iam:AWSServiceName\":[\"replication.dynamodb.amazonaws.com\",\"dax.amazonaws.com\",\"dynamodb.application-autoscaling.amazonaws.com\",\"contributorinsights.dynamodb.amazonaws.com\",\"kinesisreplication.dynamodb.amazonaws.com\"]}},\"Effect\":\"Allow\",\"Resource\":\"*\"}],\"Version\":\"2012-10-17\"}",
            "policy_id": "ANPA5C6BHK3Z3O5IBDQOK",
            "tags": null,
            "tags_all": {}
          },
          "sensitive_attributes": [],
          "private": "bnVsbA=="
        }
      ]
    },
    {
      "mode": "managed",
      "type": "aws_iam_role",
      "name": "machine",
      "provider": "provider[\"registry.terraform.io/hashicorp/aws\"]",
      "instances": [
        {
          "schema_version": 0,
          "attributes": {
            "arn": "arn:aws:iam::899664008947:role/vouch-operations-machine-role",
            "assume_role_policy": "{\"Version\":\"2012-10-17\",\"Statement\":[{\"Sid\":\"\",\"Effect\":\"Allow\",\"Principal\":{\"Service\":\"ec2.amazonaws.com\"},\"Action\":\"sts:AssumeRole\"}]}",
            "create_date": "2021-06-20T04:33:52Z",
            "description": "",
            "force_detach_policies": false,
            "id": "vouch-operations-machine-role",
            "inline_policy": [
              {
                "name": "",
                "policy": ""
              }
            ],
            "managed_policy_arns": [],
            "max_session_duration": 3600,
            "name": "vouch-operations-machine-role",
            "name_prefix": null,
            "path": "/",
            "permissions_boundary": null,
            "tags": null,
            "tags_all": {},
            "unique_id": "AROA5C6BHK3ZRR2CRSG4U"
          },
          "sensitive_attributes": [],
          "private": "bnVsbA=="
        }
      ]
    },
    {
      "mode": "managed",
      "type": "aws_iam_role_policy_attachment",
      "name": "test-attach",
      "provider": "provider[\"registry.terraform.io/hashicorp/aws\"]",
      "instances": [
        {
          "schema_version": 0,
          "attributes": {
            "id": "vouch-operations-machine-role-20210620043355745800000002",
            "policy_arn": "arn:aws:iam::899664008947:policy/test_policy",
            "role": "vouch-operations-machine-role"
          },
          "sensitive_attributes": [],
          "private": "bnVsbA==",
          "dependencies": [
            "aws_iam_policy.policy",
            "aws_iam_role.machine"
          ]
        }
      ]
    },
    {
      "mode": "managed",
      "type": "aws_instance",
      "name": "machine",
      "provider": "provider[\"registry.terraform.io/hashicorp/aws\"]",
      "instances": [
        {
          "schema_version": 1,
          "attributes": {
            "ami": "ami-0ad704c126371a549",
            "arn": "arn:aws:ec2:ap-south-1:899664008947:instance/i-0c0f34c706eeceea3",
            "associate_public_ip_address": true,
            "availability_zone": "ap-south-1b",
            "capacity_reservation_specification": [
              {
                "capacity_reservation_preference": "open",
                "capacity_reservation_target": []
              }
            ],
            "cpu_core_count": 1,
            "cpu_threads_per_core": 2,
            "credit_specification": [
              {
                "cpu_credits": "unlimited"
              }
            ],
            "disable_api_termination": false,
            "ebs_block_device": [],
            "ebs_optimized": false,
            "enclave_options": [
              {
                "enabled": false
              }
            ],
            "ephemeral_block_device": [],
            "get_password_data": false,
            "hibernation": false,
            "host_id": null,
            "iam_instance_profile": "vouch-operations-instance20210620043354954300000001",
            "id": "i-0c0f34c706eeceea3",
            "instance_initiated_shutdown_behavior": "stop",
            "instance_state": "running",
            "instance_type": "t3.micro",
            "ipv6_address_count": 0,
            "ipv6_addresses": [],
            "key_name": "terraform-20210619131003338800000001",
            "metadata_options": [
              {
                "http_endpoint": "enabled",
                "http_put_response_hop_limit": 1,
                "http_tokens": "optional"
              }
            ],
            "monitoring": false,
            "network_interface": [],
            "outpost_arn": "",
            "password_data": "",
            "placement_group": "",
            "primary_network_interface_id": "eni-054b609e1a2d9c284",
            "private_dns": "ip-172-31-2-184.ap-south-1.compute.internal",
            "private_ip": "172.31.2.184",
            "public_dns": "ec2-13-233-157-33.ap-south-1.compute.amazonaws.com",
            "public_ip": "13.233.157.33",
            "root_block_device": [
              {
                "delete_on_termination": true,
                "device_name": "/dev/xvda",
                "encrypted": false,
                "iops": 100,
                "kms_key_id": "",
                "tags": null,
                "throughput": 0,
                "volume_id": "vol-00b6cb3e716d5b8f8",
                "volume_size": 20,
                "volume_type": "gp2"
              }
            ],
            "secondary_private_ips": [],
            "security_groups": [
              "vouch-operations20210619131003341200000002"
            ],
            "source_dest_check": true,
            "subnet_id": "subnet-3a8cf376",
            "tags": {
              "Name": "vouch-operations"
            },
            "tags_all": {
              "Name": "vouch-operations"
            },
            "tenancy": "default",
            "timeouts": null,
            "user_data": null,
            "user_data_base64": "H4sIAAAAAAAA/6SUX2+bShDF31fyd5i7l6vcSl1Tp/9UIlciMa2QYqeKnVSJIuEFxmGrZRexQ2Ia5btXxIlC5PShKS8IcRh+c86BA2sIDYlFW2EAZaNJVbImv1RrzPcgtY3JZd2O+TSeRvtHJ7NJeHzGWXclTrF2ypoARsM3AzZgQvRFA/Ywe6JcZZ2iO60kkllRoqE9WCmNRpY45k2lrcyTUmaFMpjkkuTQFfxxxqKWxq2wFpHJbK7MZQAfU0U9wd0ChGvy18IVqLXLalXRgE1ViVus//7jp8r4qXQFYw4JBK4Za5sSlHEktQbRwvUlEmOrxmQdO2Q1SsIkb40sbZLbrOnWgP9fwQ0DiGfzRTg7iJJ4MvZGDCA8DePDcD8+jBdnyfnRLBp7u33d4uxbNPbeMoAv8WE0C6fRmJ9sfPBGwx/OGs4AqloZWsHODZ9uzIknPIAbPucB8P8cv30NPLySSstUaUXtuTW4JYi7nUyGnUlPb95emB3gXg+eA/e20Hlf04Fz+AzeAzcDkNcONsbkKVQNCUVYwgWDJ4cQNV52Vnrh93lyHH2Nj2bPiEimGkXXDLiyTVYIW2EtuwycuHdhTpLwmUfvXtv1KvD9R75bxvrxLLOm1iAcFERV4PujD5+Gu+/fDe/PvpaEjvwSSYquir6690+ofMm2c/3jeZWWGXbl8WUvOvHTGlyypwV5OSu1FS4ZritbEzz6/Te0m/SWjP3mU3hJkbZ+HEIM2K8AAAD//z8uuTKXBAAA",
            "volume_tags": null,
            "vpc_security_group_ids": [
              "sg-0444a221c08ea73e0"
            ]
          },
          "sensitive_attributes": [],
          "private": "eyJlMmJmYjczMC1lY2FhLTExZTYtOGY4OC0zNDM2M2JjN2M0YzAiOnsiY3JlYXRlIjo2MDAwMDAwMDAwMDAsImRlbGV0ZSI6MTIwMDAwMDAwMDAwMCwidXBkYXRlIjo2MDAwMDAwMDAwMDB9LCJzY2hlbWFfdmVyc2lvbiI6IjEifQ==",
          "dependencies": [
            "aws_iam_instance_profile.machine",
            "aws_iam_role.machine",
            "aws_key_pair.developer",
            "aws_security_group.machine_access",
            "data.aws_ami.amazon_linux",
            "data.cloudinit_config.init"
          ]
        }
      ]
    },
    {
      "mode": "managed",
      "type": "aws_key_pair",
      "name": "developer",
      "provider": "provider[\"registry.terraform.io/hashicorp/aws\"]",
      "instances": [
        {
          "schema_version": 1,
          "attributes": {
            "arn": "arn:aws:ec2:ap-south-1:899664008947:key-pair/terraform-20210619131003338800000001",
            "fingerprint": "71:4f:33:9c:61:25:cc:92:d5:8c:d0:26:8c:44:89:ff",
            "id": "terraform-20210619131003338800000001",
            "key_name": "terraform-20210619131003338800000001",
            "key_name_prefix": null,
            "key_pair_id": "key-0d48770e1ac9af8cd",
            "public_key": "ssh-rsa AAAAB3NzaC1yc2EAAAADAQABAAABgQDGVmfRyL37O6mTgbJrYCb8LHrnNzx975HUjmkvNAGL2aAQUSR7ZAY025Q6S9j1kcIxBPkEwBypY6qcpy7B0ZlrKzibM+cDlMmFIEQOqGtxH2cULoYU5ZknsBEdTjMESjYmz7umQJ98uiR1xvy/BWHZgS1oytMuilp7DjNOpKR6iaqnGXm1hBP0gsho0FCzK/UH4yH9UHrJwVIuVRM3Kh0l7zwhZ1cjGKSiMlkWQrz7EK6owRvnrQVrmaRTiY1S3xpu/bxAV67lrsSi9sJyWqM8wfx51Mm0DoJRFygLiatlvbj41T/U66/PuGbR37jWJCIdoFicISoTIby3xLSz0agX8/YSP3k3C75dmTJ4eZhuXN1GIk7zVGkmN+aMloHQYk1dgYeTe1V+7I103qsutKunc0XUCGLdqCLSrYodUiOidJF6nXsrS5+MZmd0nTA3E4UH0Gie/kF0sLNuA93lgN75tEb2vjgI7XZHzMzZbxG+P9JEobxQN2Y4txb9j9nYN9U= root@ip-172-31-46-132.ap-south-1.compute.internal",
            "tags": {},
            "tags_all": {}
          },
          "sensitive_attributes": [],
          "private": "eyJzY2hlbWFfdmVyc2lvbiI6IjEifQ=="
        }
      ]
    },
    {
      "mode": "managed",
      "type": "aws_security_group",
      "name": "machine_access",
      "provider": "provider[\"registry.terraform.io/hashicorp/aws\"]",
      "instances": [
        {
          "schema_version": 1,
          "attributes": {
            "arn": "arn:aws:ec2:ap-south-1:899664008947:security-group/sg-0444a221c08ea73e0",
            "description": "Managed by Terraform",
            "egress": [
              {
                "cidr_blocks": [
                  "0.0.0.0/0"
                ],
                "description": "",
                "from_port": 0,
                "ipv6_cidr_blocks": [],
                "prefix_list_ids": [],
                "protocol": "-1",
                "security_groups": [],
                "self": false,
                "to_port": 0
              }
            ],
            "id": "sg-0444a221c08ea73e0",
            "ingress": [
              {
                "cidr_blocks": [
                  "0.0.0.0/0"
                ],
                "description": "SSH",
                "from_port": 22,
                "ipv6_cidr_blocks": [],
                "prefix_list_ids": [],
                "protocol": "tcp",
                "security_groups": [],
                "self": false,
                "to_port": 22
              }
            ],
            "name": "vouch-operations20210619131003341200000002",
            "name_prefix": "vouch-operations",
            "owner_id": "899664008947",
            "revoke_rules_on_delete": false,
            "tags": {},
            "tags_all": {},
            "timeouts": null,
            "vpc_id": "vpc-fcf01097"
          },
          "sensitive_attributes": [],
          "private": "eyJlMmJmYjczMC1lY2FhLTExZTYtOGY4OC0zNDM2M2JjN2M0YzAiOnsiY3JlYXRlIjo2MDAwMDAwMDAwMDAsImRlbGV0ZSI6NjAwMDAwMDAwMDAwfSwic2NoZW1hX3ZlcnNpb24iOiIxIn0="
        }
      ]
    }
  ]
}
