{
  "version": 4,
  "terraform_version": "0.14.9",
  "serial": 212,
  "lineage": "976e47fb-eedd-2330-6d59-45c0d9b969a4",
  "outputs": {},
  "resources": [
    {
      "mode": "data",
      "type": "aws_ami",
      "name": "amazon_linux",
      "provider": "provider[\"registry.terraform.io/hashicorp/aws\"]",
      "instances": [
        {
          "schema_version": 0,
          "attributes": {
            "architecture": "x86_64",
            "arn": "arn:aws:ec2:ap-south-1::image/ami-0ad704c126371a549",
            "block_device_mappings": [
              {
                "device_name": "/dev/xvda",
                "ebs": {
                  "delete_on_termination": "true",
                  "encrypted": "false",
                  "iops": "0",
                  "snapshot_id": "snap-041de31327a858319",
                  "throughput": "0",
                  "volume_size": "8",
                  "volume_type": "gp2"
                },
                "no_device": "",
                "virtual_name": ""
              }
            ],
            "creation_date": "2021-06-04T03:59:19.000Z",
            "description": "Amazon Linux 2 AMI 2.0.20210525.0 x86_64 HVM gp2",
            "ena_support": true,
            "executable_users": null,
            "filter": [
              {
                "name": "architecture",
                "values": [
                  "x86_64"
                ]
              },
              {
                "name": "name",
                "values": [
                  "amzn2-ami-hvm-2.0*"
                ]
              },
              {
                "name": "virtualization-type",
                "values": [
                  "hvm"
                ]
              }
            ],
            "hypervisor": "xen",
            "id": "ami-0ad704c126371a549",
            "image_id": "ami-0ad704c126371a549",
            "image_location": "amazon/amzn2-ami-hvm-2.0.20210525.0-x86_64-gp2",
            "image_owner_alias": "amazon",
            "image_type": "machine",
            "kernel_id": null,
            "most_recent": true,
            "name": "amzn2-ami-hvm-2.0.20210525.0-x86_64-gp2",
            "name_regex": null,
            "owner_id": "137112412989",
            "owners": [
              "amazon"
            ],
            "platform": null,
            "platform_details": "Linux/UNIX",
            "product_codes": [],
            "public": true,
            "ramdisk_id": null,
            "root_device_name": "/dev/xvda",
            "root_device_type": "ebs",
            "root_snapshot_id": "snap-041de31327a858319",
            "sriov_net_support": "simple",
            "state": "available",
            "state_reason": {
              "code": "UNSET",
              "message": "UNSET"
            },
            "tags": {},
            "usage_operation": "RunInstances",
            "virtualization_type": "hvm"
          },
          "sensitive_attributes": []
        }
      ]
    },
    {
      "mode": "data",
      "type": "template_file",
      "name": "user_data",
      "provider": "provider[\"registry.terraform.io/hashicorp/template\"]",
      "instances": [
        {
          "schema_version": 0,
          "attributes": {
            "filename": null,
            "id": "0087a736a1394c5e28a370349562f8350dbc9c6d3df8d8094c2f6cc7ac3be59f",
            "rendered": "#!/bin/bash\n\nset -ex\n\nyum install -y wget\n\nfunction create_dynamo_document () {\n  INSTANCE_ID=$1\n  AVAILABILITY_ZONE=$2\n  INSTANCE_TYPE=$3\n  FILENAME=\"Upload_$1.json\"\n  printf '{\"MachineID\": {\"S\": \"%s\"}, \"AvailabilityZone\": {\"S\": \"%s\"}, \"InstanceType\": {\"S\": \"%s\"}}\\n' \"$INSTANCE_ID\" \"$AVAILABILITY_ZONE\" \"$INSTANCE_TYPE\" \u003e $FILENAME\n  aws dynamodb put-item \\\n              --region $AWS_REGION \\\n              --table-name vouch-operations-MachineState \\\n              --item file://$FILENAME\n}\n\nINSTANCE_ID=`curl -s http://169.254.169.254/latest/meta-data/instance-id`\nAVAILABILITY_ZONE=`curl -s http://169.254.169.254/latest/meta-data/placement/availability-zone`\nINSTANCE_TYPE=`curl -s http://169.254.169.254/latest/meta-data/instance-type`\nexport AWS_REGION=`curl -s http://169.254.169.254/latest/meta-data/placement/region`\n\ncreate_dynamo_document \"$INSTANCE_ID\" \"$AVAILABILITY_ZONE\" \"$INSTANCE_TYPE\"\n",
            "template": "#!/bin/bash\n\nset -ex\n\nyum install -y wget\n\nfunction create_dynamo_document () {\n  INSTANCE_ID=$1\n  AVAILABILITY_ZONE=$2\n  INSTANCE_TYPE=$3\n  FILENAME=\"Upload_$1.json\"\n  printf '{\"MachineID\": {\"S\": \"%s\"}, \"AvailabilityZone\": {\"S\": \"%s\"}, \"InstanceType\": {\"S\": \"%s\"}}\\n' \"$INSTANCE_ID\" \"$AVAILABILITY_ZONE\" \"$INSTANCE_TYPE\" \u003e $FILENAME\n  aws dynamodb put-item \\\n              --region $AWS_REGION \\\n              --table-name vouch-operations-MachineState \\\n              --item file://$FILENAME\n}\n\nINSTANCE_ID=`curl -s http://169.254.169.254/latest/meta-data/instance-id`\nAVAILABILITY_ZONE=`curl -s http://169.254.169.254/latest/meta-data/placement/availability-zone`\nINSTANCE_TYPE=`curl -s http://169.254.169.254/latest/meta-data/instance-type`\nexport AWS_REGION=`curl -s http://169.254.169.254/latest/meta-data/placement/region`\n\ncreate_dynamo_document \"$INSTANCE_ID\" \"$AVAILABILITY_ZONE\" \"$INSTANCE_TYPE\"\n",
            "vars": null
          },
          "sensitive_attributes": []
        }
      ]
    },
    {
      "mode": "managed",
      "type": "aws_dynamodb_table",
      "name": "machine_properties",
      "provider": "provider[\"registry.terraform.io/hashicorp/aws\"]",
      "instances": [
        {
          "schema_version": 1,
          "attributes": {
            "arn": "arn:aws:dynamodb:ap-south-1:899664008947:table/vouch-operations-MachineState",
            "attribute": [
              {
                "name": "MachineID",
                "type": "S"
              }
            ],
            "billing_mode": "PAY_PER_REQUEST",
            "global_secondary_index": [],
            "hash_key": "MachineID",
            "id": "vouch-operations-MachineState",
            "local_secondary_index": [],
            "name": "vouch-operations-MachineState",
            "point_in_time_recovery": [
              {
                "enabled": false
              }
            ],
            "range_key": null,
            "read_capacity": 0,
            "replica": [],
            "server_side_encryption": [],
            "stream_arn": "",
            "stream_enabled": false,
            "stream_label": "",
            "stream_view_type": "",
            "tags": null,
            "timeouts": null,
            "ttl": [
              {
                "attribute_name": "",
                "enabled": false
              }
            ],
            "write_capacity": 0
          },
          "sensitive_attributes": [],
          "private": "eyJlMmJmYjczMC1lY2FhLTExZTYtOGY4OC0zNDM2M2JjN2M0YzAiOnsiY3JlYXRlIjo2MDAwMDAwMDAwMDAsImRlbGV0ZSI6NjAwMDAwMDAwMDAwLCJ1cGRhdGUiOjM2MDAwMDAwMDAwMDB9LCJzY2hlbWFfdmVyc2lvbiI6IjEifQ=="
        }
      ]
    },
    {
      "mode": "managed",
      "type": "aws_iam_instance_profile",
      "name": "machine",
      "provider": "provider[\"registry.terraform.io/hashicorp/aws\"]",
      "instances": [
        {
          "schema_version": 0,
          "attributes": {
            "arn": "arn:aws:iam::899664008947:instance-profile/vouch-operations-instance20210619131006598400000003",
            "create_date": "2021-06-19T13:10:07Z",
            "id": "vouch-operations-instance20210619131006598400000003",
            "name": "vouch-operations-instance20210619131006598400000003",
            "name_prefix": "vouch-operations-instance",
            "path": "/",
            "role": "vouch-operations-machine-role",
            "unique_id": "AIPA5C6BHK3ZULRMPMM2I"
          },
          "sensitive_attributes": [],
          "private": "bnVsbA==",
          "dependencies": [
            "aws_iam_role.machine"
          ]
        }
      ]
    },
    {
      "mode": "managed",
      "type": "aws_iam_role",
      "name": "machine",
      "provider": "provider[\"registry.terraform.io/hashicorp/aws\"]",
      "instances": [
        {
          "schema_version": 0,
          "attributes": {
            "arn": "arn:aws:iam::899664008947:role/vouch-operations-machine-role",
            "assume_role_policy": "{\"Version\":\"2012-10-17\",\"Statement\":[{\"Sid\":\"\",\"Effect\":\"Allow\",\"Principal\":{\"Service\":\"ec2.amazonaws.com\"},\"Action\":\"sts:AssumeRole\"}]}",
            "create_date": "2021-06-19T13:10:04Z",
            "description": "",
            "force_detach_policies": false,
            "id": "vouch-operations-machine-role",
            "inline_policy": [
              {
                "name": "",
                "policy": ""
              }
            ],
            "managed_policy_arns": [],
            "max_session_duration": 3600,
            "name": "vouch-operations-machine-role",
            "name_prefix": null,
            "path": "/",
            "permissions_boundary": null,
            "tags": null,
            "unique_id": "AROA5C6BHK3Z6EGY2AW7V"
          },
          "sensitive_attributes": [],
          "private": "bnVsbA=="
        }
      ]
    },
    {
      "mode": "managed",
      "type": "aws_instance",
      "name": "machine",
      "provider": "provider[\"registry.terraform.io/hashicorp/aws\"]",
      "instances": [
        {
          "schema_version": 1,
          "attributes": {
            "ami": "ami-0ad704c126371a549",
            "arn": "arn:aws:ec2:ap-south-1:899664008947:instance/i-034627aa415e4d8cc",
            "associate_public_ip_address": true,
            "availability_zone": "ap-south-1a",
            "cpu_core_count": 1,
            "cpu_threads_per_core": 2,
            "credit_specification": [
              {
                "cpu_credits": "unlimited"
              }
            ],
            "disable_api_termination": false,
            "ebs_block_device": [],
            "ebs_optimized": false,
            "enclave_options": [
              {
                "enabled": false
              }
            ],
            "ephemeral_block_device": [],
            "get_password_data": false,
            "hibernation": false,
            "host_id": null,
            "iam_instance_profile": "vouch-operations-instance20210619131006598400000003",
            "id": "i-034627aa415e4d8cc",
            "instance_initiated_shutdown_behavior": null,
            "instance_state": "running",
            "instance_type": "t3.micro",
            "ipv6_address_count": 0,
            "ipv6_addresses": [],
            "key_name": "terraform-20210619131003338800000001",
            "metadata_options": [
              {
                "http_endpoint": "enabled",
                "http_put_response_hop_limit": 1,
                "http_tokens": "optional"
              }
            ],
            "monitoring": false,
            "network_interface": [],
            "outpost_arn": "",
            "password_data": "",
            "placement_group": "",
            "primary_network_interface_id": "eni-086c033185d1bdc5d",
            "private_dns": "ip-172-31-32-233.ap-south-1.compute.internal",
            "private_ip": "172.31.32.233",
            "public_dns": "ec2-13-232-218-5.ap-south-1.compute.amazonaws.com",
            "public_ip": "13.232.218.5",
            "root_block_device": [
              {
                "delete_on_termination": true,
                "device_name": "/dev/xvda",
                "encrypted": false,
                "iops": 100,
                "kms_key_id": "",
                "tags": null,
                "throughput": 0,
                "volume_id": "vol-0f686225119c0683a",
                "volume_size": 20,
                "volume_type": "gp2"
              }
            ],
            "secondary_private_ips": [],
            "security_groups": [
              "vouch-operations20210619131003341200000002"
            ],
            "source_dest_check": true,
            "subnet_id": "subnet-a34049cb",
            "tags": {
              "Name": "vouch-operations"
            },
            "tenancy": "default",
            "timeouts": null,
            "user_data": "1dcfa65bd1b74df7adfc3aa7e641d0526e70d140",
            "user_data_base64": null,
            "volume_tags": null,
            "vpc_security_group_ids": [
              "sg-0444a221c08ea73e0"
            ]
          },
          "sensitive_attributes": [],
          "private": "eyJlMmJmYjczMC1lY2FhLTExZTYtOGY4OC0zNDM2M2JjN2M0YzAiOnsiY3JlYXRlIjo2MDAwMDAwMDAwMDAsImRlbGV0ZSI6MTIwMDAwMDAwMDAwMCwidXBkYXRlIjo2MDAwMDAwMDAwMDB9LCJzY2hlbWFfdmVyc2lvbiI6IjEifQ==",
          "dependencies": [
            "aws_iam_instance_profile.machine",
            "aws_iam_role.machine",
            "aws_key_pair.developer",
            "aws_security_group.machine_access",
            "data.aws_ami.amazon_linux",
            "data.template_file.user_data"
          ]
        }
      ]
    },
    {
      "mode": "managed",
      "type": "aws_key_pair",
      "name": "developer",
      "provider": "provider[\"registry.terraform.io/hashicorp/aws\"]",
      "instances": [
        {
          "schema_version": 1,
          "attributes": {
            "arn": "arn:aws:ec2:ap-south-1:899664008947:key-pair/terraform-20210619131003338800000001",
            "fingerprint": "71:4f:33:9c:61:25:cc:92:d5:8c:d0:26:8c:44:89:ff",
            "id": "terraform-20210619131003338800000001",
            "key_name": "terraform-20210619131003338800000001",
            "key_name_prefix": null,
            "key_pair_id": "key-0d48770e1ac9af8cd",
            "public_key": "ssh-rsa AAAAB3NzaC1yc2EAAAADAQABAAABgQDGVmfRyL37O6mTgbJrYCb8LHrnNzx975HUjmkvNAGL2aAQUSR7ZAY025Q6S9j1kcIxBPkEwBypY6qcpy7B0ZlrKzibM+cDlMmFIEQOqGtxH2cULoYU5ZknsBEdTjMESjYmz7umQJ98uiR1xvy/BWHZgS1oytMuilp7DjNOpKR6iaqnGXm1hBP0gsho0FCzK/UH4yH9UHrJwVIuVRM3Kh0l7zwhZ1cjGKSiMlkWQrz7EK6owRvnrQVrmaRTiY1S3xpu/bxAV67lrsSi9sJyWqM8wfx51Mm0DoJRFygLiatlvbj41T/U66/PuGbR37jWJCIdoFicISoTIby3xLSz0agX8/YSP3k3C75dmTJ4eZhuXN1GIk7zVGkmN+aMloHQYk1dgYeTe1V+7I103qsutKunc0XUCGLdqCLSrYodUiOidJF6nXsrS5+MZmd0nTA3E4UH0Gie/kF0sLNuA93lgN75tEb2vjgI7XZHzMzZbxG+P9JEobxQN2Y4txb9j9nYN9U= root@ip-172-31-46-132.ap-south-1.compute.internal",
            "tags": null
          },
          "sensitive_attributes": [],
          "private": "eyJzY2hlbWFfdmVyc2lvbiI6IjEifQ=="
        }
      ]
    },
    {
      "mode": "managed",
      "type": "aws_security_group",
      "name": "machine_access",
      "provider": "provider[\"registry.terraform.io/hashicorp/aws\"]",
      "instances": [
        {
          "schema_version": 1,
          "attributes": {
            "arn": "arn:aws:ec2:ap-south-1:899664008947:security-group/sg-0444a221c08ea73e0",
            "description": "Managed by Terraform",
            "egress": [
              {
                "cidr_blocks": [
                  "0.0.0.0/0"
                ],
                "description": "",
                "from_port": 0,
                "ipv6_cidr_blocks": [],
                "prefix_list_ids": [],
                "protocol": "-1",
                "security_groups": [],
                "self": false,
                "to_port": 0
              }
            ],
            "id": "sg-0444a221c08ea73e0",
            "ingress": [
              {
                "cidr_blocks": [
                  "0.0.0.0/0"
                ],
                "description": "SSH",
                "from_port": 22,
                "ipv6_cidr_blocks": [],
                "prefix_list_ids": [],
                "protocol": "tcp",
                "security_groups": [],
                "self": false,
                "to_port": 22
              }
            ],
            "name": "vouch-operations20210619131003341200000002",
            "name_prefix": "vouch-operations",
            "owner_id": "899664008947",
            "revoke_rules_on_delete": false,
            "tags": null,
            "timeouts": null,
            "vpc_id": "vpc-fcf01097"
          },
          "sensitive_attributes": [],
          "private": "eyJlMmJmYjczMC1lY2FhLTExZTYtOGY4OC0zNDM2M2JjN2M0YzAiOnsiY3JlYXRlIjo2MDAwMDAwMDAwMDAsImRlbGV0ZSI6NjAwMDAwMDAwMDAwfSwic2NoZW1hX3ZlcnNpb24iOiIxIn0="
        }
      ]
    }
  ]
}
